// !$*UTF8*$!
{
	archiveVersion = 1;
	classes = {
	};
	objectVersion = 56;
	objects = {

/* Begin PBXBuildFile section */
		43F94824BE2ECF844EEFA492 /* Pods_Swiftand.framework in Frameworks */ = {isa = PBXBuildFile; fileRef = EE46E95B531160551AAB1EFC /* Pods_Swiftand.framework */; };
		81EA024778C91251CA267094 /* Pods_SwiftandTests.framework in Frameworks */ = {isa = PBXBuildFile; fileRef = 2A09EC1FD02BC30DB53C16B1 /* Pods_SwiftandTests.framework */; };
		A11275882AA945C4004EFD58 /* LoginCoordinaitor.swift in Sources */ = {isa = PBXBuildFile; fileRef = A11275872AA945C4004EFD58 /* LoginCoordinaitor.swift */; };
		A112758A2AA945E3004EFD58 /* Coordinator.swift in Sources */ = {isa = PBXBuildFile; fileRef = A11275892AA945E3004EFD58 /* Coordinator.swift */; };
		A112758C2AA94668004EFD58 /* LoginViewController.swift in Sources */ = {isa = PBXBuildFile; fileRef = A112758B2AA94668004EFD58 /* LoginViewController.swift */; };
		A112758E2AA946B8004EFD58 /* LabelDefault.swift in Sources */ = {isa = PBXBuildFile; fileRef = A112758D2AA946B8004EFD58 /* LabelDefault.swift */; };
		A11275902AA946CE004EFD58 /* TextFieldDefault.swift in Sources */ = {isa = PBXBuildFile; fileRef = A112758F2AA946CE004EFD58 /* TextFieldDefault.swift */; };
		A11275922AA946F1004EFD58 /* ImageDefault.swift in Sources */ = {isa = PBXBuildFile; fileRef = A11275912AA946F1004EFD58 /* ImageDefault.swift */; };
		A11275942AA94714004EFD58 /* ButtonDefault.swift in Sources */ = {isa = PBXBuildFile; fileRef = A11275932AA94714004EFD58 /* ButtonDefault.swift */; };
		A11275962AA9472B004EFD58 /* ViewControllerDefault.swift in Sources */ = {isa = PBXBuildFile; fileRef = A11275952AA9472B004EFD58 /* ViewControllerDefault.swift */; };
		A11275982AA94776004EFD58 /* LoginView.swift in Sources */ = {isa = PBXBuildFile; fileRef = A11275972AA94776004EFD58 /* LoginView.swift */; };
		A112759A2AAB48DB004EFD58 /* RegisterCoordinator.swift in Sources */ = {isa = PBXBuildFile; fileRef = A11275992AAB48DB004EFD58 /* RegisterCoordinator.swift */; };
		A112759D2AAB4A6F004EFD58 /* RegisterViewController.swift in Sources */ = {isa = PBXBuildFile; fileRef = A112759C2AAB4A6F004EFD58 /* RegisterViewController.swift */; };
		A112759F2AAB4ACD004EFD58 /* RegisterView.swift in Sources */ = {isa = PBXBuildFile; fileRef = A112759E2AAB4ACD004EFD58 /* RegisterView.swift */; };
		A9B7E645C8F39CFB201F611A /* Pods_Swiftand_SwiftandUITests.framework in Frameworks */ = {isa = PBXBuildFile; fileRef = 2541B2E90B670FAB3AA98FBA /* Pods_Swiftand_SwiftandUITests.framework */; };
		C46BEA432A9E8CB50060BDF7 /* AppDelegate.swift in Sources */ = {isa = PBXBuildFile; fileRef = C46BEA422A9E8CB50060BDF7 /* AppDelegate.swift */; };
		C46BEA452A9E8CB50060BDF7 /* SceneDelegate.swift in Sources */ = {isa = PBXBuildFile; fileRef = C46BEA442A9E8CB50060BDF7 /* SceneDelegate.swift */; };
		C46BEA4D2A9E8CB50060BDF7 /* Swiftand.xcdatamodeld in Sources */ = {isa = PBXBuildFile; fileRef = C46BEA4B2A9E8CB50060BDF7 /* Swiftand.xcdatamodeld */; };
		C46BEA4F2A9E8CB80060BDF7 /* Assets.xcassets in Resources */ = {isa = PBXBuildFile; fileRef = C46BEA4E2A9E8CB80060BDF7 /* Assets.xcassets */; };
		C46BEA522A9E8CB80060BDF7 /* LaunchScreen.storyboard in Resources */ = {isa = PBXBuildFile; fileRef = C46BEA502A9E8CB80060BDF7 /* LaunchScreen.storyboard */; };
		C46BEA5D2A9E8CB80060BDF7 /* SwiftandTests.swift in Sources */ = {isa = PBXBuildFile; fileRef = C46BEA5C2A9E8CB80060BDF7 /* SwiftandTests.swift */; };
		C46BEA672A9E8CB80060BDF7 /* SwiftandUITests.swift in Sources */ = {isa = PBXBuildFile; fileRef = C46BEA662A9E8CB80060BDF7 /* SwiftandUITests.swift */; };
		C46BEA692A9E8CB80060BDF7 /* SwiftandUITestsLaunchTests.swift in Sources */ = {isa = PBXBuildFile; fileRef = C46BEA682A9E8CB80060BDF7 /* SwiftandUITestsLaunchTests.swift */; };
		C46BEAAD2AA0C5130060BDF7 /* GoogleService-Info.plist in Resources */ = {isa = PBXBuildFile; fileRef = C46BEAAC2AA0C5130060BDF7 /* GoogleService-Info.plist */; };
/* End PBXBuildFile section */

/* Begin PBXContainerItemProxy section */
		C46BEA592A9E8CB80060BDF7 /* PBXContainerItemProxy */ = {
			isa = PBXContainerItemProxy;
			containerPortal = C46BEA372A9E8CB50060BDF7 /* Project object */;
			proxyType = 1;
			remoteGlobalIDString = C46BEA3E2A9E8CB50060BDF7;
			remoteInfo = Swiftand;
		};
		C46BEA632A9E8CB80060BDF7 /* PBXContainerItemProxy */ = {
			isa = PBXContainerItemProxy;
			containerPortal = C46BEA372A9E8CB50060BDF7 /* Project object */;
			proxyType = 1;
			remoteGlobalIDString = C46BEA3E2A9E8CB50060BDF7;
			remoteInfo = Swiftand;
		};
/* End PBXContainerItemProxy section */

/* Begin PBXFileReference section */
		0EE1DB652B75E5B80BCAEFBD /* Pods-SwiftandTests.release.xcconfig */ = {isa = PBXFileReference; includeInIndex = 1; lastKnownFileType = text.xcconfig; name = "Pods-SwiftandTests.release.xcconfig"; path = "Target Support Files/Pods-SwiftandTests/Pods-SwiftandTests.release.xcconfig"; sourceTree = "<group>"; };
		2541B2E90B670FAB3AA98FBA /* Pods_Swiftand_SwiftandUITests.framework */ = {isa = PBXFileReference; explicitFileType = wrapper.framework; includeInIndex = 0; path = Pods_Swiftand_SwiftandUITests.framework; sourceTree = BUILT_PRODUCTS_DIR; };
		2A09EC1FD02BC30DB53C16B1 /* Pods_SwiftandTests.framework */ = {isa = PBXFileReference; explicitFileType = wrapper.framework; includeInIndex = 0; path = Pods_SwiftandTests.framework; sourceTree = BUILT_PRODUCTS_DIR; };
		5C8B94772B69F1D91BA4269C /* Pods-Swiftand-SwiftandUITests.release.xcconfig */ = {isa = PBXFileReference; includeInIndex = 1; lastKnownFileType = text.xcconfig; name = "Pods-Swiftand-SwiftandUITests.release.xcconfig"; path = "Target Support Files/Pods-Swiftand-SwiftandUITests/Pods-Swiftand-SwiftandUITests.release.xcconfig"; sourceTree = "<group>"; };
		7DAE4CDE871CBC4F8A07CB40 /* Pods-Swiftand.release.xcconfig */ = {isa = PBXFileReference; includeInIndex = 1; lastKnownFileType = text.xcconfig; name = "Pods-Swiftand.release.xcconfig"; path = "Target Support Files/Pods-Swiftand/Pods-Swiftand.release.xcconfig"; sourceTree = "<group>"; };
		A11275872AA945C4004EFD58 /* LoginCoordinaitor.swift */ = {isa = PBXFileReference; lastKnownFileType = sourcecode.swift; path = LoginCoordinaitor.swift; sourceTree = "<group>"; };
		A11275892AA945E3004EFD58 /* Coordinator.swift */ = {isa = PBXFileReference; lastKnownFileType = sourcecode.swift; path = Coordinator.swift; sourceTree = "<group>"; };
		A112758B2AA94668004EFD58 /* LoginViewController.swift */ = {isa = PBXFileReference; lastKnownFileType = sourcecode.swift; path = LoginViewController.swift; sourceTree = "<group>"; };
		A112758D2AA946B8004EFD58 /* LabelDefault.swift */ = {isa = PBXFileReference; lastKnownFileType = sourcecode.swift; path = LabelDefault.swift; sourceTree = "<group>"; };
		A112758F2AA946CE004EFD58 /* TextFieldDefault.swift */ = {isa = PBXFileReference; lastKnownFileType = sourcecode.swift; path = TextFieldDefault.swift; sourceTree = "<group>"; };
		A11275912AA946F1004EFD58 /* ImageDefault.swift */ = {isa = PBXFileReference; lastKnownFileType = sourcecode.swift; path = ImageDefault.swift; sourceTree = "<group>"; };
		A11275932AA94714004EFD58 /* ButtonDefault.swift */ = {isa = PBXFileReference; lastKnownFileType = sourcecode.swift; path = ButtonDefault.swift; sourceTree = "<group>"; };
		A11275952AA9472B004EFD58 /* ViewControllerDefault.swift */ = {isa = PBXFileReference; lastKnownFileType = sourcecode.swift; path = ViewControllerDefault.swift; sourceTree = "<group>"; };
		A11275972AA94776004EFD58 /* LoginView.swift */ = {isa = PBXFileReference; lastKnownFileType = sourcecode.swift; path = LoginView.swift; sourceTree = "<group>"; };
		A11275992AAB48DB004EFD58 /* RegisterCoordinator.swift */ = {isa = PBXFileReference; lastKnownFileType = sourcecode.swift; path = RegisterCoordinator.swift; sourceTree = "<group>"; };
		A112759C2AAB4A6F004EFD58 /* RegisterViewController.swift */ = {isa = PBXFileReference; lastKnownFileType = sourcecode.swift; path = RegisterViewController.swift; sourceTree = "<group>"; };
		A112759E2AAB4ACD004EFD58 /* RegisterView.swift */ = {isa = PBXFileReference; lastKnownFileType = sourcecode.swift; path = RegisterView.swift; sourceTree = "<group>"; };
		BABBF705828E33C55BED1D07 /* Pods-SwiftandTests.debug.xcconfig */ = {isa = PBXFileReference; includeInIndex = 1; lastKnownFileType = text.xcconfig; name = "Pods-SwiftandTests.debug.xcconfig"; path = "Target Support Files/Pods-SwiftandTests/Pods-SwiftandTests.debug.xcconfig"; sourceTree = "<group>"; };
		C46BEA3F2A9E8CB50060BDF7 /* Swiftand.app */ = {isa = PBXFileReference; explicitFileType = wrapper.application; includeInIndex = 0; path = Swiftand.app; sourceTree = BUILT_PRODUCTS_DIR; };
		C46BEA422A9E8CB50060BDF7 /* AppDelegate.swift */ = {isa = PBXFileReference; lastKnownFileType = sourcecode.swift; path = AppDelegate.swift; sourceTree = "<group>"; };
		C46BEA442A9E8CB50060BDF7 /* SceneDelegate.swift */ = {isa = PBXFileReference; lastKnownFileType = sourcecode.swift; path = SceneDelegate.swift; sourceTree = "<group>"; };
		C46BEA4C2A9E8CB50060BDF7 /* Swiftand.xcdatamodel */ = {isa = PBXFileReference; lastKnownFileType = wrapper.xcdatamodel; path = Swiftand.xcdatamodel; sourceTree = "<group>"; };
		C46BEA4E2A9E8CB80060BDF7 /* Assets.xcassets */ = {isa = PBXFileReference; lastKnownFileType = folder.assetcatalog; path = Assets.xcassets; sourceTree = "<group>"; };
		C46BEA512A9E8CB80060BDF7 /* Base */ = {isa = PBXFileReference; lastKnownFileType = file.storyboard; name = Base; path = Base.lproj/LaunchScreen.storyboard; sourceTree = "<group>"; };
		C46BEA532A9E8CB80060BDF7 /* Info.plist */ = {isa = PBXFileReference; lastKnownFileType = text.plist.xml; path = Info.plist; sourceTree = "<group>"; };
		C46BEA582A9E8CB80060BDF7 /* SwiftandTests.xctest */ = {isa = PBXFileReference; explicitFileType = wrapper.cfbundle; includeInIndex = 0; path = SwiftandTests.xctest; sourceTree = BUILT_PRODUCTS_DIR; };
		C46BEA5C2A9E8CB80060BDF7 /* SwiftandTests.swift */ = {isa = PBXFileReference; lastKnownFileType = sourcecode.swift; path = SwiftandTests.swift; sourceTree = "<group>"; };
		C46BEA622A9E8CB80060BDF7 /* SwiftandUITests.xctest */ = {isa = PBXFileReference; explicitFileType = wrapper.cfbundle; includeInIndex = 0; path = SwiftandUITests.xctest; sourceTree = BUILT_PRODUCTS_DIR; };
		C46BEA662A9E8CB80060BDF7 /* SwiftandUITests.swift */ = {isa = PBXFileReference; lastKnownFileType = sourcecode.swift; path = SwiftandUITests.swift; sourceTree = "<group>"; };
		C46BEA682A9E8CB80060BDF7 /* SwiftandUITestsLaunchTests.swift */ = {isa = PBXFileReference; lastKnownFileType = sourcecode.swift; path = SwiftandUITestsLaunchTests.swift; sourceTree = "<group>"; };
		C46BEAAC2AA0C5130060BDF7 /* GoogleService-Info.plist */ = {isa = PBXFileReference; fileEncoding = 4; lastKnownFileType = text.plist.xml; path = "GoogleService-Info.plist"; sourceTree = "<group>"; };
		DAC5C66251E3036B42C98A67 /* Pods-Swiftand.debug.xcconfig */ = {isa = PBXFileReference; includeInIndex = 1; lastKnownFileType = text.xcconfig; name = "Pods-Swiftand.debug.xcconfig"; path = "Target Support Files/Pods-Swiftand/Pods-Swiftand.debug.xcconfig"; sourceTree = "<group>"; };
		E0DC283137F54DE96B8ECDB2 /* Pods-Swiftand-SwiftandUITests.debug.xcconfig */ = {isa = PBXFileReference; includeInIndex = 1; lastKnownFileType = text.xcconfig; name = "Pods-Swiftand-SwiftandUITests.debug.xcconfig"; path = "Target Support Files/Pods-Swiftand-SwiftandUITests/Pods-Swiftand-SwiftandUITests.debug.xcconfig"; sourceTree = "<group>"; };
		EE46E95B531160551AAB1EFC /* Pods_Swiftand.framework */ = {isa = PBXFileReference; explicitFileType = wrapper.framework; includeInIndex = 0; path = Pods_Swiftand.framework; sourceTree = BUILT_PRODUCTS_DIR; };
/* End PBXFileReference section */

/* Begin PBXFrameworksBuildPhase section */
		C46BEA3C2A9E8CB50060BDF7 /* Frameworks */ = {
			isa = PBXFrameworksBuildPhase;
			buildActionMask = 2147483647;
			files = (
				43F94824BE2ECF844EEFA492 /* Pods_Swiftand.framework in Frameworks */,
			);
			runOnlyForDeploymentPostprocessing = 0;
		};
		C46BEA552A9E8CB80060BDF7 /* Frameworks */ = {
			isa = PBXFrameworksBuildPhase;
			buildActionMask = 2147483647;
			files = (
				81EA024778C91251CA267094 /* Pods_SwiftandTests.framework in Frameworks */,
			);
			runOnlyForDeploymentPostprocessing = 0;
		};
		C46BEA5F2A9E8CB80060BDF7 /* Frameworks */ = {
			isa = PBXFrameworksBuildPhase;
			buildActionMask = 2147483647;
			files = (
				A9B7E645C8F39CFB201F611A /* Pods_Swiftand_SwiftandUITests.framework in Frameworks */,
			);
			runOnlyForDeploymentPostprocessing = 0;
		};
/* End PBXFrameworksBuildPhase section */

/* Begin PBXGroup section */
		341611FB343402EE22C2C9F8 /* Pods */ = {
			isa = PBXGroup;
			children = (
				DAC5C66251E3036B42C98A67 /* Pods-Swiftand.debug.xcconfig */,
				7DAE4CDE871CBC4F8A07CB40 /* Pods-Swiftand.release.xcconfig */,
				E0DC283137F54DE96B8ECDB2 /* Pods-Swiftand-SwiftandUITests.debug.xcconfig */,
				5C8B94772B69F1D91BA4269C /* Pods-Swiftand-SwiftandUITests.release.xcconfig */,
				BABBF705828E33C55BED1D07 /* Pods-SwiftandTests.debug.xcconfig */,
				0EE1DB652B75E5B80BCAEFBD /* Pods-SwiftandTests.release.xcconfig */,
			);
			path = Pods;
			sourceTree = "<group>";
		};
		A11275802AA944A7004EFD58 /* Source */ = {
			isa = PBXGroup;
			children = (
				A11275822AA944D0004EFD58 /* Coordinator */,
				A11275812AA944B5004EFD58 /* Infrastructure */,
				A11275842AA944FE004EFD58 /* ViewControllers */,
			);
			path = Source;
			sourceTree = "<group>";
		};
		A11275812AA944B5004EFD58 /* Infrastructure */ = {
			isa = PBXGroup;
			children = (
				A11275852AA94511004EFD58 /* Componestes */,
			);
			path = Infrastructure;
			sourceTree = "<group>";
		};
		A11275822AA944D0004EFD58 /* Coordinator */ = {
			isa = PBXGroup;
			children = (
				A11275892AA945E3004EFD58 /* Coordinator.swift */,
				A11275872AA945C4004EFD58 /* LoginCoordinaitor.swift */,
				A11275992AAB48DB004EFD58 /* RegisterCoordinator.swift */,
			);
			path = Coordinator;
			sourceTree = "<group>";
		};
		A11275842AA944FE004EFD58 /* ViewControllers */ = {
			isa = PBXGroup;
			children = (
				A11275862AA94521004EFD58 /* Login */,
				A112759B2AAB4A48004EFD58 /* Register */,
			);
			path = ViewControllers;
			sourceTree = "<group>";
		};
		A11275852AA94511004EFD58 /* Componestes */ = {
			isa = PBXGroup;
			children = (
				A112758D2AA946B8004EFD58 /* LabelDefault.swift */,
				A112758F2AA946CE004EFD58 /* TextFieldDefault.swift */,
				A11275912AA946F1004EFD58 /* ImageDefault.swift */,
				A11275932AA94714004EFD58 /* ButtonDefault.swift */,
				A11275952AA9472B004EFD58 /* ViewControllerDefault.swift */,
			);
			path = Componestes;
			sourceTree = "<group>";
		};
		A11275862AA94521004EFD58 /* Login */ = {
			isa = PBXGroup;
			children = (
				A112758B2AA94668004EFD58 /* LoginViewController.swift */,
				A11275972AA94776004EFD58 /* LoginView.swift */,
			);
			path = Login;
			sourceTree = "<group>";
		};
		A112759B2AAB4A48004EFD58 /* Register */ = {
			isa = PBXGroup;
			children = (
				A112759C2AAB4A6F004EFD58 /* RegisterViewController.swift */,
				A112759E2AAB4ACD004EFD58 /* RegisterView.swift */,
			);
			path = Register;
			sourceTree = "<group>";
		};
		C46BEA362A9E8CB50060BDF7 = {
			isa = PBXGroup;
			children = (
				C46BEA412A9E8CB50060BDF7 /* Swiftand */,
				C46BEA5B2A9E8CB80060BDF7 /* SwiftandTests */,
				C46BEA652A9E8CB80060BDF7 /* SwiftandUITests */,
				C46BEA402A9E8CB50060BDF7 /* Products */,
				341611FB343402EE22C2C9F8 /* Pods */,
				F30A45A0C7BFA65DD040FC86 /* Frameworks */,
			);
			sourceTree = "<group>";
		};
		C46BEA402A9E8CB50060BDF7 /* Products */ = {
			isa = PBXGroup;
			children = (
				C46BEA3F2A9E8CB50060BDF7 /* Swiftand.app */,
				C46BEA582A9E8CB80060BDF7 /* SwiftandTests.xctest */,
				C46BEA622A9E8CB80060BDF7 /* SwiftandUITests.xctest */,
			);
			name = Products;
			sourceTree = "<group>";
		};
		C46BEA412A9E8CB50060BDF7 /* Swiftand */ = {
			isa = PBXGroup;
			children = (
				A11275802AA944A7004EFD58 /* Source */,
				C46BEA752A9E945F0060BDF7 /* Resources */,
				C46BEA532A9E8CB80060BDF7 /* Info.plist */,
				C46BEAAC2AA0C5130060BDF7 /* GoogleService-Info.plist */,
				C46BEA4B2A9E8CB50060BDF7 /* Swiftand.xcdatamodeld */,
			);
			path = Swiftand;
			sourceTree = "<group>";
		};
		C46BEA5B2A9E8CB80060BDF7 /* SwiftandTests */ = {
			isa = PBXGroup;
			children = (
				C46BEA5C2A9E8CB80060BDF7 /* SwiftandTests.swift */,
			);
			path = SwiftandTests;
			sourceTree = "<group>";
		};
		C46BEA652A9E8CB80060BDF7 /* SwiftandUITests */ = {
			isa = PBXGroup;
			children = (
				C46BEA662A9E8CB80060BDF7 /* SwiftandUITests.swift */,
				C46BEA682A9E8CB80060BDF7 /* SwiftandUITestsLaunchTests.swift */,
			);
			path = SwiftandUITests;
			sourceTree = "<group>";
		};
		C46BEA752A9E945F0060BDF7 /* Resources */ = {
			isa = PBXGroup;
			children = (
				C46BEA4E2A9E8CB80060BDF7 /* Assets.xcassets */,
				C46BEA502A9E8CB80060BDF7 /* LaunchScreen.storyboard */,
				C46BEA422A9E8CB50060BDF7 /* AppDelegate.swift */,
				C46BEA442A9E8CB50060BDF7 /* SceneDelegate.swift */,
			);
			path = Resources;
			sourceTree = "<group>";
		};
		F30A45A0C7BFA65DD040FC86 /* Frameworks */ = {
			isa = PBXGroup;
			children = (
				EE46E95B531160551AAB1EFC /* Pods_Swiftand.framework */,
				2541B2E90B670FAB3AA98FBA /* Pods_Swiftand_SwiftandUITests.framework */,
				2A09EC1FD02BC30DB53C16B1 /* Pods_SwiftandTests.framework */,
			);
			name = Frameworks;
			sourceTree = "<group>";
		};
/* End PBXGroup section */

/* Begin PBXNativeTarget section */
		C46BEA3E2A9E8CB50060BDF7 /* Swiftand */ = {
			isa = PBXNativeTarget;
			buildConfigurationList = C46BEA6C2A9E8CB80060BDF7 /* Build configuration list for PBXNativeTarget "Swiftand" */;
			buildPhases = (
				E0B56131E1A1B72C0B5FCC47 /* [CP] Check Pods Manifest.lock */,
				C46BEA3B2A9E8CB50060BDF7 /* Sources */,
				C46BEA3C2A9E8CB50060BDF7 /* Frameworks */,
				C46BEA3D2A9E8CB50060BDF7 /* Resources */,
				F92212C3614590CFB79AD3C0 /* [CP] Embed Pods Frameworks */,
			);
			buildRules = (
			);
			dependencies = (
			);
			name = Swiftand;
			productName = Swiftand;
			productReference = C46BEA3F2A9E8CB50060BDF7 /* Swiftand.app */;
			productType = "com.apple.product-type.application";
		};
		C46BEA572A9E8CB80060BDF7 /* SwiftandTests */ = {
			isa = PBXNativeTarget;
			buildConfigurationList = C46BEA6F2A9E8CB80060BDF7 /* Build configuration list for PBXNativeTarget "SwiftandTests" */;
			buildPhases = (
				BF89CC2AAAC8152386C249E6 /* [CP] Check Pods Manifest.lock */,
				C46BEA542A9E8CB80060BDF7 /* Sources */,
				C46BEA552A9E8CB80060BDF7 /* Frameworks */,
				C46BEA562A9E8CB80060BDF7 /* Resources */,
			);
			buildRules = (
			);
			dependencies = (
				C46BEA5A2A9E8CB80060BDF7 /* PBXTargetDependency */,
			);
			name = SwiftandTests;
			productName = SwiftandTests;
			productReference = C46BEA582A9E8CB80060BDF7 /* SwiftandTests.xctest */;
			productType = "com.apple.product-type.bundle.unit-test";
		};
		C46BEA612A9E8CB80060BDF7 /* SwiftandUITests */ = {
			isa = PBXNativeTarget;
			buildConfigurationList = C46BEA722A9E8CB80060BDF7 /* Build configuration list for PBXNativeTarget "SwiftandUITests" */;
			buildPhases = (
				19ADB0F0300007BD0C047DD3 /* [CP] Check Pods Manifest.lock */,
				C46BEA5E2A9E8CB80060BDF7 /* Sources */,
				C46BEA5F2A9E8CB80060BDF7 /* Frameworks */,
				C46BEA602A9E8CB80060BDF7 /* Resources */,
				D9099E34949FA6F9C885BBEB /* [CP] Embed Pods Frameworks */,
			);
			buildRules = (
			);
			dependencies = (
				C46BEA642A9E8CB80060BDF7 /* PBXTargetDependency */,
			);
			name = SwiftandUITests;
			productName = SwiftandUITests;
			productReference = C46BEA622A9E8CB80060BDF7 /* SwiftandUITests.xctest */;
			productType = "com.apple.product-type.bundle.ui-testing";
		};
/* End PBXNativeTarget section */

/* Begin PBXProject section */
		C46BEA372A9E8CB50060BDF7 /* Project object */ = {
			isa = PBXProject;
			attributes = {
				BuildIndependentTargetsInParallel = 1;
				LastSwiftUpdateCheck = 1430;
				LastUpgradeCheck = 1430;
				TargetAttributes = {
					C46BEA3E2A9E8CB50060BDF7 = {
						CreatedOnToolsVersion = 14.3.1;
					};
					C46BEA572A9E8CB80060BDF7 = {
						CreatedOnToolsVersion = 14.3.1;
						TestTargetID = C46BEA3E2A9E8CB50060BDF7;
					};
					C46BEA612A9E8CB80060BDF7 = {
						CreatedOnToolsVersion = 14.3.1;
						TestTargetID = C46BEA3E2A9E8CB50060BDF7;
					};
				};
			};
			buildConfigurationList = C46BEA3A2A9E8CB50060BDF7 /* Build configuration list for PBXProject "Swiftand" */;
			compatibilityVersion = "Xcode 14.0";
			developmentRegion = en;
			hasScannedForEncodings = 0;
			knownRegions = (
				en,
				Base,
			);
			mainGroup = C46BEA362A9E8CB50060BDF7;
			productRefGroup = C46BEA402A9E8CB50060BDF7 /* Products */;
			projectDirPath = "";
			projectRoot = "";
			targets = (
				C46BEA3E2A9E8CB50060BDF7 /* Swiftand */,
				C46BEA572A9E8CB80060BDF7 /* SwiftandTests */,
				C46BEA612A9E8CB80060BDF7 /* SwiftandUITests */,
			);
		};
/* End PBXProject section */

/* Begin PBXResourcesBuildPhase section */
		C46BEA3D2A9E8CB50060BDF7 /* Resources */ = {
			isa = PBXResourcesBuildPhase;
			buildActionMask = 2147483647;
			files = (
				C46BEA522A9E8CB80060BDF7 /* LaunchScreen.storyboard in Resources */,
				C46BEA4F2A9E8CB80060BDF7 /* Assets.xcassets in Resources */,
				C46BEAAD2AA0C5130060BDF7 /* GoogleService-Info.plist in Resources */,
			);
			runOnlyForDeploymentPostprocessing = 0;
		};
		C46BEA562A9E8CB80060BDF7 /* Resources */ = {
			isa = PBXResourcesBuildPhase;
			buildActionMask = 2147483647;
			files = (
			);
			runOnlyForDeploymentPostprocessing = 0;
		};
		C46BEA602A9E8CB80060BDF7 /* Resources */ = {
			isa = PBXResourcesBuildPhase;
			buildActionMask = 2147483647;
			files = (
			);
			runOnlyForDeploymentPostprocessing = 0;
		};
/* End PBXResourcesBuildPhase section */

/* Begin PBXShellScriptBuildPhase section */
		19ADB0F0300007BD0C047DD3 /* [CP] Check Pods Manifest.lock */ = {
			isa = PBXShellScriptBuildPhase;
			buildActionMask = 2147483647;
			files = (
			);
			inputFileListPaths = (
			);
			inputPaths = (
				"${PODS_PODFILE_DIR_PATH}/Podfile.lock",
				"${PODS_ROOT}/Manifest.lock",
			);
			name = "[CP] Check Pods Manifest.lock";
			outputFileListPaths = (
			);
			outputPaths = (
				"$(DERIVED_FILE_DIR)/Pods-Swiftand-SwiftandUITests-checkManifestLockResult.txt",
			);
			runOnlyForDeploymentPostprocessing = 0;
			shellPath = /bin/sh;
			shellScript = "diff \"${PODS_PODFILE_DIR_PATH}/Podfile.lock\" \"${PODS_ROOT}/Manifest.lock\" > /dev/null\nif [ $? != 0 ] ; then\n    # print error to STDERR\n    echo \"error: The sandbox is not in sync with the Podfile.lock. Run 'pod install' or update your CocoaPods installation.\" >&2\n    exit 1\nfi\n# This output is used by Xcode 'outputs' to avoid re-running this script phase.\necho \"SUCCESS\" > \"${SCRIPT_OUTPUT_FILE_0}\"\n";
			showEnvVarsInLog = 0;
		};
		BF89CC2AAAC8152386C249E6 /* [CP] Check Pods Manifest.lock */ = {
			isa = PBXShellScriptBuildPhase;
			buildActionMask = 2147483647;
			files = (
			);
			inputFileListPaths = (
			);
			inputPaths = (
				"${PODS_PODFILE_DIR_PATH}/Podfile.lock",
				"${PODS_ROOT}/Manifest.lock",
			);
			name = "[CP] Check Pods Manifest.lock";
			outputFileListPaths = (
			);
			outputPaths = (
				"$(DERIVED_FILE_DIR)/Pods-SwiftandTests-checkManifestLockResult.txt",
			);
			runOnlyForDeploymentPostprocessing = 0;
			shellPath = /bin/sh;
			shellScript = "diff \"${PODS_PODFILE_DIR_PATH}/Podfile.lock\" \"${PODS_ROOT}/Manifest.lock\" > /dev/null\nif [ $? != 0 ] ; then\n    # print error to STDERR\n    echo \"error: The sandbox is not in sync with the Podfile.lock. Run 'pod install' or update your CocoaPods installation.\" >&2\n    exit 1\nfi\n# This output is used by Xcode 'outputs' to avoid re-running this script phase.\necho \"SUCCESS\" > \"${SCRIPT_OUTPUT_FILE_0}\"\n";
			showEnvVarsInLog = 0;
		};
		D9099E34949FA6F9C885BBEB /* [CP] Embed Pods Frameworks */ = {
			isa = PBXShellScriptBuildPhase;
			buildActionMask = 2147483647;
			files = (
			);
			inputFileListPaths = (
				"${PODS_ROOT}/Target Support Files/Pods-Swiftand-SwiftandUITests/Pods-Swiftand-SwiftandUITests-frameworks-${CONFIGURATION}-input-files.xcfilelist",
			);
			name = "[CP] Embed Pods Frameworks";
			outputFileListPaths = (
				"${PODS_ROOT}/Target Support Files/Pods-Swiftand-SwiftandUITests/Pods-Swiftand-SwiftandUITests-frameworks-${CONFIGURATION}-output-files.xcfilelist",
			);
			runOnlyForDeploymentPostprocessing = 0;
			shellPath = /bin/sh;
			shellScript = "\"${PODS_ROOT}/Target Support Files/Pods-Swiftand-SwiftandUITests/Pods-Swiftand-SwiftandUITests-frameworks.sh\"\n";
			showEnvVarsInLog = 0;
		};
		E0B56131E1A1B72C0B5FCC47 /* [CP] Check Pods Manifest.lock */ = {
			isa = PBXShellScriptBuildPhase;
			buildActionMask = 2147483647;
			files = (
			);
			inputFileListPaths = (
			);
			inputPaths = (
				"${PODS_PODFILE_DIR_PATH}/Podfile.lock",
				"${PODS_ROOT}/Manifest.lock",
			);
			name = "[CP] Check Pods Manifest.lock";
			outputFileListPaths = (
			);
			outputPaths = (
				"$(DERIVED_FILE_DIR)/Pods-Swiftand-checkManifestLockResult.txt",
			);
			runOnlyForDeploymentPostprocessing = 0;
			shellPath = /bin/sh;
			shellScript = "diff \"${PODS_PODFILE_DIR_PATH}/Podfile.lock\" \"${PODS_ROOT}/Manifest.lock\" > /dev/null\nif [ $? != 0 ] ; then\n    # print error to STDERR\n    echo \"error: The sandbox is not in sync with the Podfile.lock. Run 'pod install' or update your CocoaPods installation.\" >&2\n    exit 1\nfi\n# This output is used by Xcode 'outputs' to avoid re-running this script phase.\necho \"SUCCESS\" > \"${SCRIPT_OUTPUT_FILE_0}\"\n";
			showEnvVarsInLog = 0;
		};
		F92212C3614590CFB79AD3C0 /* [CP] Embed Pods Frameworks */ = {
			isa = PBXShellScriptBuildPhase;
			buildActionMask = 2147483647;
			files = (
			);
			inputFileListPaths = (
				"${PODS_ROOT}/Target Support Files/Pods-Swiftand/Pods-Swiftand-frameworks-${CONFIGURATION}-input-files.xcfilelist",
			);
			name = "[CP] Embed Pods Frameworks";
			outputFileListPaths = (
				"${PODS_ROOT}/Target Support Files/Pods-Swiftand/Pods-Swiftand-frameworks-${CONFIGURATION}-output-files.xcfilelist",
			);
			runOnlyForDeploymentPostprocessing = 0;
			shellPath = /bin/sh;
			shellScript = "\"${PODS_ROOT}/Target Support Files/Pods-Swiftand/Pods-Swiftand-frameworks.sh\"\n";
			showEnvVarsInLog = 0;
		};
/* End PBXShellScriptBuildPhase section */

/* Begin PBXSourcesBuildPhase section */
		C46BEA3B2A9E8CB50060BDF7 /* Sources */ = {
			isa = PBXSourcesBuildPhase;
			buildActionMask = 2147483647;
			files = (
				A112758C2AA94668004EFD58 /* LoginViewController.swift in Sources */,
				A11275962AA9472B004EFD58 /* ViewControllerDefault.swift in Sources */,
				A11275882AA945C4004EFD58 /* LoginCoordinaitor.swift in Sources */,
				C46BEA4D2A9E8CB50060BDF7 /* Swiftand.xcdatamodeld in Sources */,
				A112758A2AA945E3004EFD58 /* Coordinator.swift in Sources */,
				A112759A2AAB48DB004EFD58 /* RegisterCoordinator.swift in Sources */,
				A112759F2AAB4ACD004EFD58 /* RegisterView.swift in Sources */,
				C46BEA432A9E8CB50060BDF7 /* AppDelegate.swift in Sources */,
				A11275982AA94776004EFD58 /* LoginView.swift in Sources */,
				A11275922AA946F1004EFD58 /* ImageDefault.swift in Sources */,
				A112759D2AAB4A6F004EFD58 /* RegisterViewController.swift in Sources */,
				A112758E2AA946B8004EFD58 /* LabelDefault.swift in Sources */,
				A11275942AA94714004EFD58 /* ButtonDefault.swift in Sources */,
				C46BEA452A9E8CB50060BDF7 /* SceneDelegate.swift in Sources */,
				A11275902AA946CE004EFD58 /* TextFieldDefault.swift in Sources */,
			);
			runOnlyForDeploymentPostprocessing = 0;
		};
		C46BEA542A9E8CB80060BDF7 /* Sources */ = {
			isa = PBXSourcesBuildPhase;
			buildActionMask = 2147483647;
			files = (
				C46BEA5D2A9E8CB80060BDF7 /* SwiftandTests.swift in Sources */,
			);
			runOnlyForDeploymentPostprocessing = 0;
		};
		C46BEA5E2A9E8CB80060BDF7 /* Sources */ = {
			isa = PBXSourcesBuildPhase;
			buildActionMask = 2147483647;
			files = (
				C46BEA692A9E8CB80060BDF7 /* SwiftandUITestsLaunchTests.swift in Sources */,
				C46BEA672A9E8CB80060BDF7 /* SwiftandUITests.swift in Sources */,
			);
			runOnlyForDeploymentPostprocessing = 0;
		};
/* End PBXSourcesBuildPhase section */

/* Begin PBXTargetDependency section */
		C46BEA5A2A9E8CB80060BDF7 /* PBXTargetDependency */ = {
			isa = PBXTargetDependency;
			target = C46BEA3E2A9E8CB50060BDF7 /* Swiftand */;
			targetProxy = C46BEA592A9E8CB80060BDF7 /* PBXContainerItemProxy */;
		};
		C46BEA642A9E8CB80060BDF7 /* PBXTargetDependency */ = {
			isa = PBXTargetDependency;
			target = C46BEA3E2A9E8CB50060BDF7 /* Swiftand */;
			targetProxy = C46BEA632A9E8CB80060BDF7 /* PBXContainerItemProxy */;
		};
/* End PBXTargetDependency section */

/* Begin PBXVariantGroup section */
		C46BEA502A9E8CB80060BDF7 /* LaunchScreen.storyboard */ = {
			isa = PBXVariantGroup;
			children = (
				C46BEA512A9E8CB80060BDF7 /* Base */,
			);
			name = LaunchScreen.storyboard;
			sourceTree = "<group>";
		};
/* End PBXVariantGroup section */

/* Begin XCBuildConfiguration section */
		C46BEA6A2A9E8CB80060BDF7 /* Debug */ = {
			isa = XCBuildConfiguration;
			buildSettings = {
				ALWAYS_SEARCH_USER_PATHS = NO;
				CLANG_ANALYZER_NONNULL = YES;
				CLANG_ANALYZER_NUMBER_OBJECT_CONVERSION = YES_AGGRESSIVE;
				CLANG_CXX_LANGUAGE_STANDARD = "gnu++20";
				CLANG_ENABLE_MODULES = YES;
				CLANG_ENABLE_OBJC_ARC = YES;
				CLANG_ENABLE_OBJC_WEAK = YES;
				CLANG_WARN_BLOCK_CAPTURE_AUTORELEASING = YES;
				CLANG_WARN_BOOL_CONVERSION = YES;
				CLANG_WARN_COMMA = YES;
				CLANG_WARN_CONSTANT_CONVERSION = YES;
				CLANG_WARN_DEPRECATED_OBJC_IMPLEMENTATIONS = YES;
				CLANG_WARN_DIRECT_OBJC_ISA_USAGE = YES_ERROR;
				CLANG_WARN_DOCUMENTATION_COMMENTS = YES;
				CLANG_WARN_EMPTY_BODY = YES;
				CLANG_WARN_ENUM_CONVERSION = YES;
				CLANG_WARN_INFINITE_RECURSION = YES;
				CLANG_WARN_INT_CONVERSION = YES;
				CLANG_WARN_NON_LITERAL_NULL_CONVERSION = YES;
				CLANG_WARN_OBJC_IMPLICIT_RETAIN_SELF = YES;
				CLANG_WARN_OBJC_LITERAL_CONVERSION = YES;
				CLANG_WARN_OBJC_ROOT_CLASS = YES_ERROR;
				CLANG_WARN_QUOTED_INCLUDE_IN_FRAMEWORK_HEADER = YES;
				CLANG_WARN_RANGE_LOOP_ANALYSIS = YES;
				CLANG_WARN_STRICT_PROTOTYPES = YES;
				CLANG_WARN_SUSPICIOUS_MOVE = YES;
				CLANG_WARN_UNGUARDED_AVAILABILITY = YES_AGGRESSIVE;
				CLANG_WARN_UNREACHABLE_CODE = YES;
				CLANG_WARN__DUPLICATE_METHOD_MATCH = YES;
				COPY_PHASE_STRIP = NO;
				DEBUG_INFORMATION_FORMAT = dwarf;
				ENABLE_STRICT_OBJC_MSGSEND = YES;
				ENABLE_TESTABILITY = YES;
				GCC_C_LANGUAGE_STANDARD = gnu11;
				GCC_DYNAMIC_NO_PIC = NO;
				GCC_NO_COMMON_BLOCKS = YES;
				GCC_OPTIMIZATION_LEVEL = 0;
				GCC_PREPROCESSOR_DEFINITIONS = (
					"DEBUG=1",
					"$(inherited)",
				);
				GCC_WARN_64_TO_32_BIT_CONVERSION = YES;
				GCC_WARN_ABOUT_RETURN_TYPE = YES_ERROR;
				GCC_WARN_UNDECLARED_SELECTOR = YES;
				GCC_WARN_UNINITIALIZED_AUTOS = YES_AGGRESSIVE;
				GCC_WARN_UNUSED_FUNCTION = YES;
				GCC_WARN_UNUSED_VARIABLE = YES;
				IPHONEOS_DEPLOYMENT_TARGET = 16.4;
				MTL_ENABLE_DEBUG_INFO = INCLUDE_SOURCE;
				MTL_FAST_MATH = YES;
				ONLY_ACTIVE_ARCH = YES;
				SDKROOT = iphoneos;
				SWIFT_ACTIVE_COMPILATION_CONDITIONS = DEBUG;
				SWIFT_OPTIMIZATION_LEVEL = "-Onone";
			};
			name = Debug;
		};
		C46BEA6B2A9E8CB80060BDF7 /* Release */ = {
			isa = XCBuildConfiguration;
			buildSettings = {
				ALWAYS_SEARCH_USER_PATHS = NO;
				CLANG_ANALYZER_NONNULL = YES;
				CLANG_ANALYZER_NUMBER_OBJECT_CONVERSION = YES_AGGRESSIVE;
				CLANG_CXX_LANGUAGE_STANDARD = "gnu++20";
				CLANG_ENABLE_MODULES = YES;
				CLANG_ENABLE_OBJC_ARC = YES;
				CLANG_ENABLE_OBJC_WEAK = YES;
				CLANG_WARN_BLOCK_CAPTURE_AUTORELEASING = YES;
				CLANG_WARN_BOOL_CONVERSION = YES;
				CLANG_WARN_COMMA = YES;
				CLANG_WARN_CONSTANT_CONVERSION = YES;
				CLANG_WARN_DEPRECATED_OBJC_IMPLEMENTATIONS = YES;
				CLANG_WARN_DIRECT_OBJC_ISA_USAGE = YES_ERROR;
				CLANG_WARN_DOCUMENTATION_COMMENTS = YES;
				CLANG_WARN_EMPTY_BODY = YES;
				CLANG_WARN_ENUM_CONVERSION = YES;
				CLANG_WARN_INFINITE_RECURSION = YES;
				CLANG_WARN_INT_CONVERSION = YES;
				CLANG_WARN_NON_LITERAL_NULL_CONVERSION = YES;
				CLANG_WARN_OBJC_IMPLICIT_RETAIN_SELF = YES;
				CLANG_WARN_OBJC_LITERAL_CONVERSION = YES;
				CLANG_WARN_OBJC_ROOT_CLASS = YES_ERROR;
				CLANG_WARN_QUOTED_INCLUDE_IN_FRAMEWORK_HEADER = YES;
				CLANG_WARN_RANGE_LOOP_ANALYSIS = YES;
				CLANG_WARN_STRICT_PROTOTYPES = YES;
				CLANG_WARN_SUSPICIOUS_MOVE = YES;
				CLANG_WARN_UNGUARDED_AVAILABILITY = YES_AGGRESSIVE;
				CLANG_WARN_UNREACHABLE_CODE = YES;
				CLANG_WARN__DUPLICATE_METHOD_MATCH = YES;
				COPY_PHASE_STRIP = NO;
				DEBUG_INFORMATION_FORMAT = "dwarf-with-dsym";
				ENABLE_NS_ASSERTIONS = NO;
				ENABLE_STRICT_OBJC_MSGSEND = YES;
				GCC_C_LANGUAGE_STANDARD = gnu11;
				GCC_NO_COMMON_BLOCKS = YES;
				GCC_WARN_64_TO_32_BIT_CONVERSION = YES;
				GCC_WARN_ABOUT_RETURN_TYPE = YES_ERROR;
				GCC_WARN_UNDECLARED_SELECTOR = YES;
				GCC_WARN_UNINITIALIZED_AUTOS = YES_AGGRESSIVE;
				GCC_WARN_UNUSED_FUNCTION = YES;
				GCC_WARN_UNUSED_VARIABLE = YES;
				IPHONEOS_DEPLOYMENT_TARGET = 16.4;
				MTL_ENABLE_DEBUG_INFO = NO;
				MTL_FAST_MATH = YES;
				SDKROOT = iphoneos;
				SWIFT_COMPILATION_MODE = wholemodule;
				SWIFT_OPTIMIZATION_LEVEL = "-O";
				VALIDATE_PRODUCT = YES;
			};
			name = Release;
		};
		C46BEA6D2A9E8CB80060BDF7 /* Debug */ = {
			isa = XCBuildConfiguration;
			baseConfigurationReference = DAC5C66251E3036B42C98A67 /* Pods-Swiftand.debug.xcconfig */;
			buildSettings = {
				ASSETCATALOG_COMPILER_APPICON_NAME = AppIcon;
				ASSETCATALOG_COMPILER_GLOBAL_ACCENT_COLOR_NAME = AccentColor;
				CODE_SIGN_STYLE = Automatic;
				CURRENT_PROJECT_VERSION = 1;
				GENERATE_INFOPLIST_FILE = YES;
				INFOPLIST_FILE = Swiftand/Info.plist;
				INFOPLIST_KEY_UIApplicationSupportsIndirectInputEvents = YES;
				INFOPLIST_KEY_UILaunchStoryboardName = LaunchScreen;
				INFOPLIST_KEY_UIMainStoryboardFile = "";
				INFOPLIST_KEY_UISupportedInterfaceOrientations_iPad = "UIInterfaceOrientationPortrait UIInterfaceOrientationPortraitUpsideDown UIInterfaceOrientationLandscapeLeft UIInterfaceOrientationLandscapeRight";
				INFOPLIST_KEY_UISupportedInterfaceOrientations_iPhone = "UIInterfaceOrientationPortrait UIInterfaceOrientationLandscapeLeft UIInterfaceOrientationLandscapeRight";
				LD_RUNPATH_SEARCH_PATHS = (
					"$(inherited)",
					"@executable_path/Frameworks",
				);
				MARKETING_VERSION = 1.0;
				PRODUCT_BUNDLE_IDENTIFIER = GabrielMors.Swiftand;
				PRODUCT_NAME = "$(TARGET_NAME)";
				SWIFT_EMIT_LOC_STRINGS = YES;
				SWIFT_VERSION = 5.0;
				TARGETED_DEVICE_FAMILY = "1,2";
			};
			name = Debug;
		};
		C46BEA6E2A9E8CB80060BDF7 /* Release */ = {
			isa = XCBuildConfiguration;
			baseConfigurationReference = 7DAE4CDE871CBC4F8A07CB40 /* Pods-Swiftand.release.xcconfig */;
			buildSettings = {
				ASSETCATALOG_COMPILER_APPICON_NAME = AppIcon;
				ASSETCATALOG_COMPILER_GLOBAL_ACCENT_COLOR_NAME = AccentColor;
				CODE_SIGN_STYLE = Automatic;
				CURRENT_PROJECT_VERSION = 1;
				GENERATE_INFOPLIST_FILE = YES;
				INFOPLIST_FILE = Swiftand/Info.plist;
				INFOPLIST_KEY_UIApplicationSupportsIndirectInputEvents = YES;
				INFOPLIST_KEY_UILaunchStoryboardName = LaunchScreen;
				INFOPLIST_KEY_UIMainStoryboardFile = "";
				INFOPLIST_KEY_UISupportedInterfaceOrientations_iPad = "UIInterfaceOrientationPortrait UIInterfaceOrientationPortraitUpsideDown UIInterfaceOrientationLandscapeLeft UIInterfaceOrientationLandscapeRight";
				INFOPLIST_KEY_UISupportedInterfaceOrientations_iPhone = "UIInterfaceOrientationPortrait UIInterfaceOrientationLandscapeLeft UIInterfaceOrientationLandscapeRight";
				LD_RUNPATH_SEARCH_PATHS = (
					"$(inherited)",
					"@executable_path/Frameworks",
				);
				MARKETING_VERSION = 1.0;
				PRODUCT_BUNDLE_IDENTIFIER = GabrielMors.Swiftand;
				PRODUCT_NAME = "$(TARGET_NAME)";
				SWIFT_EMIT_LOC_STRINGS = YES;
				SWIFT_VERSION = 5.0;
				TARGETED_DEVICE_FAMILY = "1,2";
			};
			name = Release;
		};
		C46BEA702A9E8CB80060BDF7 /* Debug */ = {
			isa = XCBuildConfiguration;
			baseConfigurationReference = BABBF705828E33C55BED1D07 /* Pods-SwiftandTests.debug.xcconfig */;
			buildSettings = {
				ALWAYS_EMBED_SWIFT_STANDARD_LIBRARIES = YES;
				BUNDLE_LOADER = "$(TEST_HOST)";
				CODE_SIGN_STYLE = Automatic;
				CURRENT_PROJECT_VERSION = 1;
				GENERATE_INFOPLIST_FILE = YES;
				IPHONEOS_DEPLOYMENT_TARGET = 16.4;
				MARKETING_VERSION = 1.0;
				PRODUCT_BUNDLE_IDENTIFIER = GabrielMors.SwiftandTests;
				PRODUCT_NAME = "$(TARGET_NAME)";
				SWIFT_EMIT_LOC_STRINGS = NO;
				SWIFT_VERSION = 5.0;
				TARGETED_DEVICE_FAMILY = "1,2";
				TEST_HOST = "$(BUILT_PRODUCTS_DIR)/Swiftand.app/$(BUNDLE_EXECUTABLE_FOLDER_PATH)/Swiftand";
			};
			name = Debug;
		};
		C46BEA712A9E8CB80060BDF7 /* Release */ = {
			isa = XCBuildConfiguration;
			baseConfigurationReference = 0EE1DB652B75E5B80BCAEFBD /* Pods-SwiftandTests.release.xcconfig */;
			buildSettings = {
				ALWAYS_EMBED_SWIFT_STANDARD_LIBRARIES = YES;
				BUNDLE_LOADER = "$(TEST_HOST)";
				CODE_SIGN_STYLE = Automatic;
				CURRENT_PROJECT_VERSION = 1;
				GENERATE_INFOPLIST_FILE = YES;
				IPHONEOS_DEPLOYMENT_TARGET = 16.4;
				MARKETING_VERSION = 1.0;
				PRODUCT_BUNDLE_IDENTIFIER = GabrielMors.SwiftandTests;
				PRODUCT_NAME = "$(TARGET_NAME)";
				SWIFT_EMIT_LOC_STRINGS = NO;
				SWIFT_VERSION = 5.0;
				TARGETED_DEVICE_FAMILY = "1,2";
				TEST_HOST = "$(BUILT_PRODUCTS_DIR)/Swiftand.app/$(BUNDLE_EXECUTABLE_FOLDER_PATH)/Swiftand";
			};
			name = Release;
		};
		C46BEA732A9E8CB80060BDF7 /* Debug */ = {
			isa = XCBuildConfiguration;
			baseConfigurationReference = E0DC283137F54DE96B8ECDB2 /* Pods-Swiftand-SwiftandUITests.debug.xcconfig */;
			buildSettings = {
				ALWAYS_EMBED_SWIFT_STANDARD_LIBRARIES = YES;
				CODE_SIGN_STYLE = Automatic;
				CURRENT_PROJECT_VERSION = 1;
				GENERATE_INFOPLIST_FILE = YES;
				MARKETING_VERSION = 1.0;
				PRODUCT_BUNDLE_IDENTIFIER = GabrielMors.SwiftandUITests;
				PRODUCT_NAME = "$(TARGET_NAME)";
				SWIFT_EMIT_LOC_STRINGS = NO;
				SWIFT_VERSION = 5.0;
				TARGETED_DEVICE_FAMILY = "1,2";
				TEST_TARGET_NAME = Swiftand;
			};
			name = Debug;
		};
		C46BEA742A9E8CB80060BDF7 /* Release */ = {
			isa = XCBuildConfiguration;
			baseConfigurationReference = 5C8B94772B69F1D91BA4269C /* Pods-Swiftand-SwiftandUITests.release.xcconfig */;
			buildSettings = {
				ALWAYS_EMBED_SWIFT_STANDARD_LIBRARIES = YES;
				CODE_SIGN_STYLE = Automatic;
				CURRENT_PROJECT_VERSION = 1;
				GENERATE_INFOPLIST_FILE = YES;
				MARKETING_VERSION = 1.0;
				PRODUCT_BUNDLE_IDENTIFIER = GabrielMors.SwiftandUITests;
				PRODUCT_NAME = "$(TARGET_NAME)";
				SWIFT_EMIT_LOC_STRINGS = NO;
				SWIFT_VERSION = 5.0;
				TARGETED_DEVICE_FAMILY = "1,2";
				TEST_TARGET_NAME = Swiftand;
			};
			name = Release;
		};
/* End XCBuildConfiguration section */

/* Begin XCConfigurationList section */
		C46BEA3A2A9E8CB50060BDF7 /* Build configuration list for PBXProject "Swiftand" */ = {
			isa = XCConfigurationList;
			buildConfigurations = (
				C46BEA6A2A9E8CB80060BDF7 /* Debug */,
				C46BEA6B2A9E8CB80060BDF7 /* Release */,
			);
			defaultConfigurationIsVisible = 0;
			defaultConfigurationName = Release;
		};
		C46BEA6C2A9E8CB80060BDF7 /* Build configuration list for PBXNativeTarget "Swiftand" */ = {
			isa = XCConfigurationList;
			buildConfigurations = (
				C46BEA6D2A9E8CB80060BDF7 /* Debug */,
				C46BEA6E2A9E8CB80060BDF7 /* Release */,
			);
			defaultConfigurationIsVisible = 0;
			defaultConfigurationName = Release;
		};
		C46BEA6F2A9E8CB80060BDF7 /* Build configuration list for PBXNativeTarget "SwiftandTests" */ = {
			isa = XCConfigurationList;
			buildConfigurations = (
				C46BEA702A9E8CB80060BDF7 /* Debug */,
				C46BEA712A9E8CB80060BDF7 /* Release */,
			);
			defaultConfigurationIsVisible = 0;
			defaultConfigurationName = Release;
		};
		C46BEA722A9E8CB80060BDF7 /* Build configuration list for PBXNativeTarget "SwiftandUITests" */ = {
			isa = XCConfigurationList;
			buildConfigurations = (
				C46BEA732A9E8CB80060BDF7 /* Debug */,
				C46BEA742A9E8CB80060BDF7 /* Release */,
			);
			defaultConfigurationIsVisible = 0;
			defaultConfigurationName = Release;
		};
/* End XCConfigurationList section */

/* Begin XCVersionGroup section */
		C46BEA4B2A9E8CB50060BDF7 /* Swiftand.xcdatamodeld */ = {
			isa = XCVersionGroup;
			children = (
				C46BEA4C2A9E8CB50060BDF7 /* Swiftand.xcdatamodel */,
			);
			currentVersion = C46BEA4C2A9E8CB50060BDF7 /* Swiftand.xcdatamodel */;
			path = Swiftand.xcdatamodeld;
			sourceTree = "<group>";
			versionGroupType = wrapper.xcdatamodel;
		};
/* End XCVersionGroup section */
	};
	rootObject = C46BEA372A9E8CB50060BDF7 /* Project object */;
}
